
Microsoft Visual Studio Solution File, Format Version 12.00
Project("{2150E333-8FDC-42A3-9474-1A3956D46DE8}") = "Catalog", "Catalog", "{E625F9C0-3E58-4AB3-B16A-003078D3657F}"
EndProject
Project("{FAE04EC0-301F-11D3-BF4B-00C04F79EFBC}") = "Catalog.Api", "Catalog.Api\Catalog.Api.csproj", "{96A24B9D-EB35-4805-8C30-F7D1ACBB6002}"
EndProject
Project("{FAE04EC0-301F-11D3-BF4B-00C04F79EFBC}") = "Catalog.Application", "Catalog.Application\Catalog.Application.csproj", "{BF0F848B-DE01-4417-AFF8-E764C7FB3C44}"
EndProject
Project("{FAE04EC0-301F-11D3-BF4B-00C04F79EFBC}") = "Catalog.Domain", "Catalog.Domain\Catalog.Domain.csproj", "{636B7838-51CB-48DE-B635-00ADF6DC66E6}"
EndProject
Project("{FAE04EC0-301F-11D3-BF4B-00C04F79EFBC}") = "Catalog.Persistence", "Catalog.Persistence\Catalog.Persistence.csproj", "{3C042DA9-CDCD-48A4-A603-4705723D00B1}"
EndProject
Project("{FAE04EC0-301F-11D3-BF4B-00C04F79EFBC}") = "Catalog.Infrastructure", "Catalog.Infrastructure\Catalog.Infrastructure.csproj", "{536D932E-42E2-433F-A3F0-785574F75F90}"
EndProject
Global
	GlobalSection(SolutionConfigurationPlatforms) = preSolution
		Debug|Any CPU = Debug|Any CPU
		Release|Any CPU = Release|Any CPU
	EndGlobalSection
	GlobalSection(NestedProjects) = preSolution
		{96A24B9D-EB35-4805-8C30-F7D1ACBB6002} = {E625F9C0-3E58-4AB3-B16A-003078D3657F}
		{BF0F848B-DE01-4417-AFF8-E764C7FB3C44} = {E625F9C0-3E58-4AB3-B16A-003078D3657F}
		{636B7838-51CB-48DE-B635-00ADF6DC66E6} = {E625F9C0-3E58-4AB3-B16A-003078D3657F}
		{3C042DA9-CDCD-48A4-A603-4705723D00B1} = {E625F9C0-3E58-4AB3-B16A-003078D3657F}
		{536D932E-42E2-433F-A3F0-785574F75F90} = {E625F9C0-3E58-4AB3-B16A-003078D3657F}
	EndGlobalSection
	GlobalSection(ProjectConfigurationPlatforms) = postSolution
		{96A24B9D-EB35-4805-8C30-F7D1ACBB6002}.Debug|Any CPU.ActiveCfg = Debug|Any CPU
		{96A24B9D-EB35-4805-8C30-F7D1ACBB6002}.Debug|Any CPU.Build.0 = Debug|Any CPU
		{96A24B9D-EB35-4805-8C30-F7D1ACBB6002}.Release|Any CPU.ActiveCfg = Release|Any CPU
		{96A24B9D-EB35-4805-8C30-F7D1ACBB6002}.Release|Any CPU.Build.0 = Release|Any CPU
		{BF0F848B-DE01-4417-AFF8-E764C7FB3C44}.Debug|Any CPU.ActiveCfg = Debug|Any CPU
		{BF0F848B-DE01-4417-AFF8-E764C7FB3C44}.Debug|Any CPU.Build.0 = Debug|Any CPU
		{BF0F848B-DE01-4417-AFF8-E764C7FB3C44}.Release|Any CPU.ActiveCfg = Release|Any CPU
		{BF0F848B-DE01-4417-AFF8-E764C7FB3C44}.Release|Any CPU.Build.0 = Release|Any CPU
		{636B7838-51CB-48DE-B635-00ADF6DC66E6}.Debug|Any CPU.ActiveCfg = Debug|Any CPU
		{636B7838-51CB-48DE-B635-00ADF6DC66E6}.Debug|Any CPU.Build.0 = Debug|Any CPU
		{636B7838-51CB-48DE-B635-00ADF6DC66E6}.Release|Any CPU.ActiveCfg = Release|Any CPU
		{636B7838-51CB-48DE-B635-00ADF6DC66E6}.Release|Any CPU.Build.0 = Release|Any CPU
		{3C042DA9-CDCD-48A4-A603-4705723D00B1}.Debug|Any CPU.ActiveCfg = Debug|Any CPU
		{3C042DA9-CDCD-48A4-A603-4705723D00B1}.Debug|Any CPU.Build.0 = Debug|Any CPU
		{3C042DA9-CDCD-48A4-A603-4705723D00B1}.Release|Any CPU.ActiveCfg = Release|Any CPU
		{3C042DA9-CDCD-48A4-A603-4705723D00B1}.Release|Any CPU.Build.0 = Release|Any CPU
		{536D932E-42E2-433F-A3F0-785574F75F90}.Debug|Any CPU.ActiveCfg = Debug|Any CPU
		{536D932E-42E2-433F-A3F0-785574F75F90}.Debug|Any CPU.Build.0 = Debug|Any CPU
		{536D932E-42E2-433F-A3F0-785574F75F90}.Release|Any CPU.ActiveCfg = Release|Any CPU
		{536D932E-42E2-433F-A3F0-785574F75F90}.Release|Any CPU.Build.0 = Release|Any CPU
	EndGlobalSection
EndGlobal
